# Generated by move; do not edit
# This file should be checked in.

[move]
version = 4

[pinned.testnet.MoveStdlib]
source = { git = "https://github.com/one-chain-labs/onechain.git", subdir = 'crates\sui-framework\packages\move-stdlib', rev = "613eda102ec09662c8d7f5c56f0e47b7453e2822" }
use_environment = "testnet"
manifest_digest = "C4FE4C91DE74CBF223B2E380AE40F592177D21870DC2D7EB6227D2D694E05363"
deps = {}

[pinned.testnet.oneQuest]
source = { root = true }
use_environment = "testnet"
manifest_digest = "AF7814FFC5932FF8B1FB174864E20F470C0C9A2C63F03A0E4DD2687004B4B1CC"
deps = { MoveStdlib = "MoveStdlib" }
